github.com/RussellLuo/timingwheel v0.0.0-20201029015908-64de9d088c74 h1:kAsSVLB5MpjNyLoQ96YBqPaTHc870iNa99HQvLUQb/A=
github.com/RussellLuo/timingwheel v0.0.0-20201029015908-64de9d088c74/go.mod h1:3VIJp8oOAlnDUnPy3kwyBGqsMiJJujqTP6ic9Jv6NbM=
github.com/legenove/keeper v0.0.0-20210826042431-b3b8335f0649 h1:Gma0T9JOZlX5aqnbtVz2F0Z1+/+FFVIMvRiOAfXnIQ0=
github.com/legenove/keeper v0.0.0-20210826042431-b3b8335f0649/go.mod h1:f2jZfdn0X8BOORZGDVD9kxXkRMSe0VvDLpPTKF/btMk=
